{
  "name": "veille-emploi",
  "version": "1.0.0",
  "lockfileVersion": 3,
  "requires": true,
  "packages": {
    "": {
      "name": "veille-emploi",
      "version": "1.0.0",
      "dependencies": {
        "@google/generative-ai": "^0.24.1",
        "nodemailer": "^9.0.1"
      }
    },
    "node_modules/@google/generative-ai": {
      "version": "0.24.1",
      "resolved": "https://registry.npmjs.org/@google/generative-ai/-/generative-ai-0.24.1.tgz",
      "integrity": "sha512-MqO+MLfM6kjxcKoy0p1wRzG3b4ZZXtPI+z2IE26UogS2Cm/XHO+7gGRBh6gcJsOiIVoH93UwKvW4HdgiOZCy9Q==",
      "license": "Apache-2.0",
      "engines": {
        "node": ">=18.0.0"
      }
    },
    "node_modules/nodemailer": {
      "version": "9.0.1",
      "resolved": "https://registry.npmjs.org/nodemailer/-/nodemailer-9.0.1.tgz",
      "integrity": "sha512-Gwv8SQewT616ZM/URn0H54b8PWo/Wum7md3EW2aWy1lO27+WZCX+Xyak3J+NlmHUjDh5ME+uesJUDRbR3Ye8Bw==",
      "license": "MIT-0",
      "engines": {
        "node": ">=6.0.0"
      }
    }
  }
}
